
Microsoft Visual Studio Solution File, Format Version 12.00
# Visual Studio Version 16
VisualStudioVersion = 16.0.31424.327
MinimumVisualStudioVersion = 10.0.40219.1
Project("{8BC9CEB8-8B4A-11D0-8D11-00A0C91BC942}") = "01-Jan15", "01-Jan15.vcxproj", "{30CD2BF1-FAFF-41D1-8D93-14EEBF5B4143}"
EndProject
Global
	GlobalSection(SolutionConfigurationPlatforms) = preSolution
		Debug|x64 = Debug|x64
		Debug|x86 = Debug|x86
		Release|x64 = Release|x64
		Release|x86 = Release|x86
	EndGlobalSection
	GlobalSection(ProjectConfigurationPlatforms) = postSolution
		{30CD2BF1-FAFF-41D1-8D93-14EEBF5B4143}.Debug|x64.ActiveCfg = Debug|x64
		{30CD2BF1-FAFF-41D1-8D93-14EEBF5B4143}.Debug|x64.Build.0 = Debug|x64
		{30CD2BF1-FAFF-41D1-8D93-14EEBF5B4143}.Debug|x86.ActiveCfg = Debug|Win32
		{30CD2BF1-FAFF-41D1-8D93-14EEBF5B4143}.Debug|x86.Build.0 = Debug|Win32
		{30CD2BF1-FAFF-41D1-8D93-14EEBF5B4143}.Release|x64.ActiveCfg = Release|x64
		{30CD2BF1-FAFF-41D1-8D93-14EEBF5B4143}.Release|x64.Build.0 = Release|x64
		{30CD2BF1-FAFF-41D1-8D93-14EEBF5B4143}.Release|x86.ActiveCfg = Release|Win32
		{30CD2BF1-FAFF-41D1-8D93-14EEBF5B4143}.Release|x86.Build.0 = Release|Win32
	EndGlobalSection
	GlobalSection(SolutionProperties) = preSolution
		HideSolutionNode = FALSE
	EndGlobalSection
	GlobalSection(ExtensibilityGlobals) = postSolution
		SolutionGuid = {270068E5-1B32-4BB9-9091-B901AD3AEBA3}
	EndGlobalSection
EndGlobal
